
Microsoft Visual Studio Solution File, Format Version 12.00
# Visual Studio 15
VisualStudioVersion = 15.0.28307.1927
MinimumVisualStudioVersion = 10.0.40219.1
Project("{FAE04EC0-301F-11D3-BF4B-00C04F79EFBC}") = "TextAnimation", "TextAnimation\TextAnimation.csproj", "{D010AD19-37F3-4DDB-A2DF-7A8C5BFBA7C7}"
EndProject
Global
	GlobalSection(SolutionConfigurationPlatforms) = preSolution
		Debug|Any CPU = Debug|Any CPU
		Release|Any CPU = Release|Any CPU
	EndGlobalSection
	GlobalSection(ProjectConfigurationPlatforms) = postSolution
		{D010AD19-37F3-4DDB-A2DF-7A8C5BFBA7C7}.Debug|Any CPU.ActiveCfg = Debug|Any CPU
		{D010AD19-37F3-4DDB-A2DF-7A8C5BFBA7C7}.Debug|Any CPU.Build.0 = Debug|Any CPU
		{D010AD19-37F3-4DDB-A2DF-7A8C5BFBA7C7}.Release|Any CPU.ActiveCfg = Release|Any CPU
		{D010AD19-37F3-4DDB-A2DF-7A8C5BFBA7C7}.Release|Any CPU.Build.0 = Release|Any CPU
	EndGlobalSection
	GlobalSection(SolutionProperties) = preSolution
		HideSolutionNode = FALSE
	EndGlobalSection
	GlobalSection(ExtensibilityGlobals) = postSolution
		SolutionGuid = {68DF468B-E4F5-4759-8AEB-96686E7F5C3B}
	EndGlobalSection
EndGlobal
